
Microsoft Visual Studio Solution File, Format Version 12.00
# Visual Studio Version 16
VisualStudioVersion = 16.0.29613.14
MinimumVisualStudioVersion = 10.0.40219.1
Project("{FAE04EC0-301F-11D3-BF4B-00C04F79EFBC}") = "AscendingFileCreationDate", "AscendingFileCreationDate.csproj", "{53DFDFA7-D3B2-4D26-BFC2-893F6D0B3D45}"
EndProject
Project("{FAE04EC0-301F-11D3-BF4B-00C04F79EFBC}") = "WpfControlLibrary1", "..\WpfControlLibrary1\WpfControlLibrary1.csproj", "{5708495D-E467-41D9-A86E-7C35A660CF60}"
EndProject
Global
	GlobalSection(SolutionConfigurationPlatforms) = preSolution
		Debug|Any CPU = Debug|Any CPU
		Release|Any CPU = Release|Any CPU
	EndGlobalSection
	GlobalSection(ProjectConfigurationPlatforms) = postSolution
		{53DFDFA7-D3B2-4D26-BFC2-893F6D0B3D45}.Debug|Any CPU.ActiveCfg = Debug|Any CPU
		{53DFDFA7-D3B2-4D26-BFC2-893F6D0B3D45}.Debug|Any CPU.Build.0 = Debug|Any CPU
		{53DFDFA7-D3B2-4D26-BFC2-893F6D0B3D45}.Release|Any CPU.ActiveCfg = Release|Any CPU
		{53DFDFA7-D3B2-4D26-BFC2-893F6D0B3D45}.Release|Any CPU.Build.0 = Release|Any CPU
		{5708495D-E467-41D9-A86E-7C35A660CF60}.Debug|Any CPU.ActiveCfg = Debug|Any CPU
		{5708495D-E467-41D9-A86E-7C35A660CF60}.Debug|Any CPU.Build.0 = Debug|Any CPU
		{5708495D-E467-41D9-A86E-7C35A660CF60}.Release|Any CPU.ActiveCfg = Release|Any CPU
		{5708495D-E467-41D9-A86E-7C35A660CF60}.Release|Any CPU.Build.0 = Release|Any CPU
	EndGlobalSection
	GlobalSection(SolutionProperties) = preSolution
		HideSolutionNode = FALSE
	EndGlobalSection
	GlobalSection(ExtensibilityGlobals) = postSolution
		SolutionGuid = {F1B11612-36C4-441F-AE41-F747D3204175}
	EndGlobalSection
EndGlobal
